
Microsoft Visual Studio Solution File, Format Version 11.00
# Visual Studio 2010
Project("{FAE04EC0-301F-11D3-BF4B-00C04F79EFBC}") = "UI", "UI\UI.csproj", "{27AC7DAF-3817-44F6-AD56-214975841583}"
EndProject
Global
	GlobalSection(SolutionConfigurationPlatforms) = preSolution
		Debug|Any CPU = Debug|Any CPU
		Release|Any CPU = Release|Any CPU
	EndGlobalSection
	GlobalSection(ProjectConfigurationPlatforms) = postSolution
		{27AC7DAF-3817-44F6-AD56-214975841583}.Debug|Any CPU.ActiveCfg = Debug|Any CPU
		{27AC7DAF-3817-44F6-AD56-214975841583}.Debug|Any CPU.Build.0 = Debug|Any CPU
		{27AC7DAF-3817-44F6-AD56-214975841583}.Release|Any CPU.ActiveCfg = Release|Any CPU
		{27AC7DAF-3817-44F6-AD56-214975841583}.Release|Any CPU.Build.0 = Release|Any CPU
	EndGlobalSection
	GlobalSection(SolutionProperties) = preSolution
		HideSolutionNode = FALSE
	EndGlobalSection
EndGlobal
